
Microsoft Visual Studio Solution File, Format Version 12.00
# Visual Studio Version 17
VisualStudioVersion = 17.5.33530.505
MinimumVisualStudioVersion = 10.0.40219.1
Project("{9A19103F-16F7-4668-BE54-9A1E7A4F7556}") = "SaaV.Outbox.Producer", "SaaV.Outbox.Producer\SaaV.Outbox.Producer.csproj", "{2B1B93A4-5FB2-40DB-8F17-E0F6E6215C84}"
EndProject
Project("{FAE04EC0-301F-11D3-BF4B-00C04F79EFBC}") = "SaaV.Outbox.Consumer", "SaaV.Outbox.Consumer\SaaV.Outbox.Consumer.csproj", "{5471ED6A-933D-4482-9ADB-73383C58795E}"
EndProject
Project("{FAE04EC0-301F-11D3-BF4B-00C04F79EFBC}") = "SaaV.Outbox.Hangfire", "SaaV.Outbox.Hangfire\SaaV.Outbox.Hangfire.csproj", "{17BCB5E7-E846-4D9D-B722-2903D76297D0}"
EndProject
Global
	GlobalSection(SolutionConfigurationPlatforms) = preSolution
		Debug|Any CPU = Debug|Any CPU
		Release|Any CPU = Release|Any CPU
	EndGlobalSection
	GlobalSection(ProjectConfigurationPlatforms) = postSolution
		{2B1B93A4-5FB2-40DB-8F17-E0F6E6215C84}.Debug|Any CPU.ActiveCfg = Debug|Any CPU
		{2B1B93A4-5FB2-40DB-8F17-E0F6E6215C84}.Debug|Any CPU.Build.0 = Debug|Any CPU
		{2B1B93A4-5FB2-40DB-8F17-E0F6E6215C84}.Release|Any CPU.ActiveCfg = Release|Any CPU
		{2B1B93A4-5FB2-40DB-8F17-E0F6E6215C84}.Release|Any CPU.Build.0 = Release|Any CPU
		{5471ED6A-933D-4482-9ADB-73383C58795E}.Debug|Any CPU.ActiveCfg = Debug|Any CPU
		{5471ED6A-933D-4482-9ADB-73383C58795E}.Debug|Any CPU.Build.0 = Debug|Any CPU
		{5471ED6A-933D-4482-9ADB-73383C58795E}.Release|Any CPU.ActiveCfg = Release|Any CPU
		{5471ED6A-933D-4482-9ADB-73383C58795E}.Release|Any CPU.Build.0 = Release|Any CPU
		{17BCB5E7-E846-4D9D-B722-2903D76297D0}.Debug|Any CPU.ActiveCfg = Debug|Any CPU
		{17BCB5E7-E846-4D9D-B722-2903D76297D0}.Debug|Any CPU.Build.0 = Debug|Any CPU
		{17BCB5E7-E846-4D9D-B722-2903D76297D0}.Release|Any CPU.ActiveCfg = Release|Any CPU
		{17BCB5E7-E846-4D9D-B722-2903D76297D0}.Release|Any CPU.Build.0 = Release|Any CPU
	EndGlobalSection
	GlobalSection(SolutionProperties) = preSolution
		HideSolutionNode = FALSE
	EndGlobalSection
	GlobalSection(ExtensibilityGlobals) = postSolution
		SolutionGuid = {6B676791-E810-4FEF-8A5B-78ACBA98D965}
	EndGlobalSection
EndGlobal
